
Microsoft Visual Studio Solution File, Format Version 12.00
# Visual Studio Version 17
VisualStudioVersion = 17.9.34607.119
MinimumVisualStudioVersion = 10.0.40219.1
Project("{9A19103F-16F7-4668-BE54-9A1E7A4F7556}") = "API_Archivo", "API_Archivo.csproj", "{8C7AE971-B552-40BC-9F68-54EAACF16468}"
EndProject
Global
	GlobalSection(SolutionConfigurationPlatforms) = preSolution
		Debug|Any CPU = Debug|Any CPU
		Release|Any CPU = Release|Any CPU
	EndGlobalSection
	GlobalSection(ProjectConfigurationPlatforms) = postSolution
		{8C7AE971-B552-40BC-9F68-54EAACF16468}.Debug|Any CPU.ActiveCfg = Debug|Any CPU
		{8C7AE971-B552-40BC-9F68-54EAACF16468}.Debug|Any CPU.Build.0 = Debug|Any CPU
		{8C7AE971-B552-40BC-9F68-54EAACF16468}.Release|Any CPU.ActiveCfg = Release|Any CPU
		{8C7AE971-B552-40BC-9F68-54EAACF16468}.Release|Any CPU.Build.0 = Release|Any CPU
	EndGlobalSection
	GlobalSection(SolutionProperties) = preSolution
		HideSolutionNode = FALSE
	EndGlobalSection
	GlobalSection(ExtensibilityGlobals) = postSolution
		SolutionGuid = {A56EC5BD-5ED9-4C1C-AEA1-9D7FE37AA6F8}
	EndGlobalSection
EndGlobal
